// !$*UTF8*$!
{
	archiveVersion = 1;
	classes = {
	};
	objectVersion = 56;
	objects = {

/* Begin PBXBuildFile section */
		07A8B7822A3F2E4300436696 /* RecipeCard.swift in Sources */ = {isa = PBXBuildFile; fileRef = 07A8B7812A3F2E4300436696 /* RecipeCard.swift */; };
		07A8B7852A3F315800436696 /* Extension+Color.swift in Sources */ = {isa = PBXBuildFile; fileRef = 07A8B7842A3F315800436696 /* Extension+Color.swift */; };
		07A8B7872A3F32B300436696 /* RecipeRating.swift in Sources */ = {isa = PBXBuildFile; fileRef = 07A8B7862A3F32B300436696 /* RecipeRating.swift */; };
		07A8B7892A3F339900436696 /* RecipeCooking.swift in Sources */ = {isa = PBXBuildFile; fileRef = 07A8B7882A3F339900436696 /* RecipeCooking.swift */; };
		07A8B78B2A3F3D1000436696 /* Bundle-Decodable.swift in Sources */ = {isa = PBXBuildFile; fileRef = 07A8B78A2A3F3D1000436696 /* Bundle-Decodable.swift */; };
		07A8B78D2A40725300436696 /* RecipeDetailView.swift in Sources */ = {isa = PBXBuildFile; fileRef = 07A8B78C2A40725300436696 /* RecipeDetailView.swift */; };
		07A8B78F2A4074F700436696 /* TitleModifier.swift in Sources */ = {isa = PBXBuildFile; fileRef = 07A8B78E2A4074F700436696 /* TitleModifier.swift */; };
		07A8B7912A407C3F00436696 /* ContentView.swift in Sources */ = {isa = PBXBuildFile; fileRef = 07A8B7902A407C3F00436696 /* ContentView.swift */; };
		07A8B7932A407FB200436696 /* FavoriteView.swift in Sources */ = {isa = PBXBuildFile; fileRef = 07A8B7922A407FB200436696 /* FavoriteView.swift */; };
		07A8B7952A407FF500436696 /* SettingsView.swift in Sources */ = {isa = PBXBuildFile; fileRef = 07A8B7942A407FF500436696 /* SettingsView.swift */; };
		07D5D99C2A3DDAA000E21F49 /* RecipeAppApp.swift in Sources */ = {isa = PBXBuildFile; fileRef = 07D5D99B2A3DDAA000E21F49 /* RecipeAppApp.swift */; };
		07D5D99E2A3DDAA000E21F49 /* RecipeListView.swift in Sources */ = {isa = PBXBuildFile; fileRef = 07D5D99D2A3DDAA000E21F49 /* RecipeListView.swift */; };
		07D5D9A02A3DDAA100E21F49 /* Assets.xcassets in Resources */ = {isa = PBXBuildFile; fileRef = 07D5D99F2A3DDAA100E21F49 /* Assets.xcassets */; };
		07D5D9A32A3DDAA100E21F49 /* Preview Assets.xcassets in Resources */ = {isa = PBXBuildFile; fileRef = 07D5D9A22A3DDAA100E21F49 /* Preview Assets.xcassets */; };
		07D5D9AF2A3DDB3800E21F49 /* Recipe.swift in Sources */ = {isa = PBXBuildFile; fileRef = 07D5D9AE2A3DDB3800E21F49 /* Recipe.swift */; };
		07D5D9B12A3DDC1300E21F49 /* recipes.json in Resources */ = {isa = PBXBuildFile; fileRef = 07D5D9B02A3DDC1300E21F49 /* recipes.json */; };
		07D5D9B32A3DE13D00E21F49 /* RecipeListViewModel.swift in Sources */ = {isa = PBXBuildFile; fileRef = 07D5D9B22A3DE13D00E21F49 /* RecipeListViewModel.swift */; };
/* End PBXBuildFile section */

/* Begin PBXFileReference section */
		07A8B7812A3F2E4300436696 /* RecipeCard.swift */ = {isa = PBXFileReference; lastKnownFileType = sourcecode.swift; path = RecipeCard.swift; sourceTree = "<group>"; };
		07A8B7842A3F315800436696 /* Extension+Color.swift */ = {isa = PBXFileReference; lastKnownFileType = sourcecode.swift; path = "Extension+Color.swift"; sourceTree = "<group>"; };
		07A8B7862A3F32B300436696 /* RecipeRating.swift */ = {isa = PBXFileReference; lastKnownFileType = sourcecode.swift; path = RecipeRating.swift; sourceTree = "<group>"; };
		07A8B7882A3F339900436696 /* RecipeCooking.swift */ = {isa = PBXFileReference; lastKnownFileType = sourcecode.swift; path = RecipeCooking.swift; sourceTree = "<group>"; };
		07A8B78A2A3F3D1000436696 /* Bundle-Decodable.swift */ = {isa = PBXFileReference; lastKnownFileType = sourcecode.swift; path = "Bundle-Decodable.swift"; sourceTree = "<group>"; };
		07A8B78C2A40725300436696 /* RecipeDetailView.swift */ = {isa = PBXFileReference; lastKnownFileType = sourcecode.swift; path = RecipeDetailView.swift; sourceTree = "<group>"; };
		07A8B78E2A4074F700436696 /* TitleModifier.swift */ = {isa = PBXFileReference; lastKnownFileType = sourcecode.swift; path = TitleModifier.swift; sourceTree = "<group>"; };
		07A8B7902A407C3F00436696 /* ContentView.swift */ = {isa = PBXFileReference; lastKnownFileType = sourcecode.swift; path = ContentView.swift; sourceTree = "<group>"; };
		07A8B7922A407FB200436696 /* FavoriteView.swift */ = {isa = PBXFileReference; lastKnownFileType = sourcecode.swift; path = FavoriteView.swift; sourceTree = "<group>"; };
		07A8B7942A407FF500436696 /* SettingsView.swift */ = {isa = PBXFileReference; lastKnownFileType = sourcecode.swift; path = SettingsView.swift; sourceTree = "<group>"; };
		07D5D9982A3DDAA000E21F49 /* RecipeApp.app */ = {isa = PBXFileReference; explicitFileType = wrapper.application; includeInIndex = 0; path = RecipeApp.app; sourceTree = BUILT_PRODUCTS_DIR; };
		07D5D99B2A3DDAA000E21F49 /* RecipeAppApp.swift */ = {isa = PBXFileReference; lastKnownFileType = sourcecode.swift; path = RecipeAppApp.swift; sourceTree = "<group>"; };
		07D5D99D2A3DDAA000E21F49 /* RecipeListView.swift */ = {isa = PBXFileReference; lastKnownFileType = sourcecode.swift; path = RecipeListView.swift; sourceTree = "<group>"; };
		07D5D99F2A3DDAA100E21F49 /* Assets.xcassets */ = {isa = PBXFileReference; lastKnownFileType = folder.assetcatalog; path = Assets.xcassets; sourceTree = "<group>"; };
		07D5D9A22A3DDAA100E21F49 /* Preview Assets.xcassets */ = {isa = PBXFileReference; lastKnownFileType = folder.assetcatalog; path = "Preview Assets.xcassets"; sourceTree = "<group>"; };
		07D5D9AE2A3DDB3800E21F49 /* Recipe.swift */ = {isa = PBXFileReference; lastKnownFileType = sourcecode.swift; path = Recipe.swift; sourceTree = "<group>"; };
		07D5D9B02A3DDC1300E21F49 /* recipes.json */ = {isa = PBXFileReference; lastKnownFileType = text.json; path = recipes.json; sourceTree = "<group>"; };
		07D5D9B22A3DE13D00E21F49 /* RecipeListViewModel.swift */ = {isa = PBXFileReference; lastKnownFileType = sourcecode.swift; path = RecipeListViewModel.swift; sourceTree = "<group>"; };
/* End PBXFileReference section */

/* Begin PBXFrameworksBuildPhase section */
		07D5D9952A3DDAA000E21F49 /* Frameworks */ = {
			isa = PBXFrameworksBuildPhase;
			buildActionMask = 2147483647;
			files = (
			);
			runOnlyForDeploymentPostprocessing = 0;
		};
/* End PBXFrameworksBuildPhase section */

/* Begin PBXGroup section */
		07A8B7802A3F2E2B00436696 /* Component */ = {
			isa = PBXGroup;
			children = (
				07A8B7812A3F2E4300436696 /* RecipeCard.swift */,
				07A8B7862A3F32B300436696 /* RecipeRating.swift */,
				07A8B7882A3F339900436696 /* RecipeCooking.swift */,
				07A8B78E2A4074F700436696 /* TitleModifier.swift */,
			);
			path = Component;
			sourceTree = "<group>";
		};
		07A8B7832A3F314A00436696 /* Utility */ = {
			isa = PBXGroup;
			children = (
				07A8B7842A3F315800436696 /* Extension+Color.swift */,
				07A8B78A2A3F3D1000436696 /* Bundle-Decodable.swift */,
			);
			path = Utility;
			sourceTree = "<group>";
		};
		07D5D98F2A3DDAA000E21F49 = {
			isa = PBXGroup;
			children = (
				07D5D99A2A3DDAA000E21F49 /* RecipeApp */,
				07D5D9992A3DDAA000E21F49 /* Products */,
			);
			sourceTree = "<group>";
		};
		07D5D9992A3DDAA000E21F49 /* Products */ = {
			isa = PBXGroup;
			children = (
				07D5D9982A3DDAA000E21F49 /* RecipeApp.app */,
			);
			name = Products;
			sourceTree = "<group>";
		};
		07D5D99A2A3DDAA000E21F49 /* RecipeApp */ = {
			isa = PBXGroup;
			children = (
				07D5D99B2A3DDAA000E21F49 /* RecipeAppApp.swift */,
				07D5D9AB2A3DDABE00E21F49 /* Views */,
				07A8B7802A3F2E2B00436696 /* Component */,
				07D5D9AA2A3DDABA00E21F49 /* ViewModels */,
				07D5D9A92A3DDAB500E21F49 /* Models */,
				07D5D9AC2A3DDB1000E21F49 /* Data */,
				07A8B7832A3F314A00436696 /* Utility */,
				07D5D99F2A3DDAA100E21F49 /* Assets.xcassets */,
				07D5D9A12A3DDAA100E21F49 /* Preview Content */,
			);
			path = RecipeApp;
			sourceTree = "<group>";
		};
		07D5D9A12A3DDAA100E21F49 /* Preview Content */ = {
			isa = PBXGroup;
			children = (
				07D5D9A22A3DDAA100E21F49 /* Preview Assets.xcassets */,
			);
			path = "Preview Content";
			sourceTree = "<group>";
		};
		07D5D9A92A3DDAB500E21F49 /* Models */ = {
			isa = PBXGroup;
			children = (
				07D5D9AE2A3DDB3800E21F49 /* Recipe.swift */,
			);
			path = Models;
			sourceTree = "<group>";
		};
		07D5D9AA2A3DDABA00E21F49 /* ViewModels */ = {
			isa = PBXGroup;
			children = (
				07D5D9B22A3DE13D00E21F49 /* RecipeListViewModel.swift */,
			);
			path = ViewModels;
			sourceTree = "<group>";
		};
		07D5D9AB2A3DDABE00E21F49 /* Views */ = {
			isa = PBXGroup;
			children = (
				07A8B7902A407C3F00436696 /* ContentView.swift */,
				07D5D99D2A3DDAA000E21F49 /* RecipeListView.swift */,
				07A8B78C2A40725300436696 /* RecipeDetailView.swift */,
				07A8B7922A407FB200436696 /* FavoriteView.swift */,
				07A8B7942A407FF500436696 /* SettingsView.swift */,
			);
			path = Views;
			sourceTree = "<group>";
		};
		07D5D9AC2A3DDB1000E21F49 /* Data */ = {
			isa = PBXGroup;
			children = (
				07D5D9B02A3DDC1300E21F49 /* recipes.json */,
			);
			path = Data;
			sourceTree = "<group>";
		};
/* End PBXGroup section */

/* Begin PBXNativeTarget section */
		07D5D9972A3DDAA000E21F49 /* RecipeApp */ = {
			isa = PBXNativeTarget;
			buildConfigurationList = 07D5D9A62A3DDAA100E21F49 /* Build configuration list for PBXNativeTarget "RecipeApp" */;
			buildPhases = (
				07D5D9942A3DDAA000E21F49 /* Sources */,
				07D5D9952A3DDAA000E21F49 /* Frameworks */,
				07D5D9962A3DDAA000E21F49 /* Resources */,
			);
			buildRules = (
			);
			dependencies = (
			);
			name = RecipeApp;
			productName = RecipeApp;
			productReference = 07D5D9982A3DDAA000E21F49 /* RecipeApp.app */;
			productType = "com.apple.product-type.application";
		};
/* End PBXNativeTarget section */

/* Begin PBXProject section */
		07D5D9902A3DDAA000E21F49 /* Project object */ = {
			isa = PBXProject;
			attributes = {
				BuildIndependentTargetsInParallel = 1;
				LastSwiftUpdateCheck = 1430;
				LastUpgradeCheck = 1430;
				TargetAttributes = {
					07D5D9972A3DDAA000E21F49 = {
						CreatedOnToolsVersion = 14.3.1;
					};
				};
			};
			buildConfigurationList = 07D5D9932A3DDAA000E21F49 /* Build configuration list for PBXProject "RecipeApp" */;
			compatibilityVersion = "Xcode 14.0";
			developmentRegion = en;
			hasScannedForEncodings = 0;
			knownRegions = (
				en,
				Base,
			);
			mainGroup = 07D5D98F2A3DDAA000E21F49;
			productRefGroup = 07D5D9992A3DDAA000E21F49 /* Products */;
			projectDirPath = "";
			projectRoot = "";
			targets = (
				07D5D9972A3DDAA000E21F49 /* RecipeApp */,
			);
		};
/* End PBXProject section */

/* Begin PBXResourcesBuildPhase section */
		07D5D9962A3DDAA000E21F49 /* Resources */ = {
			isa = PBXResourcesBuildPhase;
			buildActionMask = 2147483647;
			files = (
				07D5D9A32A3DDAA100E21F49 /* Preview Assets.xcassets in Resources */,
				07D5D9B12A3DDC1300E21F49 /* recipes.json in Resources */,
				07D5D9A02A3DDAA100E21F49 /* Assets.xcassets in Resources */,
			);
			runOnlyForDeploymentPostprocessing = 0;
		};
/* End PBXResourcesBuildPhase section */

/* Begin PBXSourcesBuildPhase section */
		07D5D9942A3DDAA000E21F49 /* Sources */ = {
			isa = PBXSourcesBuildPhase;
			buildActionMask = 2147483647;
			files = (
				07A8B7892A3F339900436696 /* RecipeCooking.swift in Sources */,
				07A8B78D2A40725300436696 /* RecipeDetailView.swift in Sources */,
				07D5D9B32A3DE13D00E21F49 /* RecipeListViewModel.swift in Sources */,
				07A8B78F2A4074F700436696 /* TitleModifier.swift in Sources */,
				07A8B7852A3F315800436696 /* Extension+Color.swift in Sources */,
				07A8B7872A3F32B300436696 /* RecipeRating.swift in Sources */,
				07A8B7822A3F2E4300436696 /* RecipeCard.swift in Sources */,
				07A8B7952A407FF500436696 /* SettingsView.swift in Sources */,
				07A8B78B2A3F3D1000436696 /* Bundle-Decodable.swift in Sources */,
				07A8B7932A407FB200436696 /* FavoriteView.swift in Sources */,
				07D5D9AF2A3DDB3800E21F49 /* Recipe.swift in Sources */,
				07A8B7912A407C3F00436696 /* ContentView.swift in Sources */,
				07D5D99E2A3DDAA000E21F49 /* RecipeListView.swift in Sources */,
				07D5D99C2A3DDAA000E21F49 /* RecipeAppApp.swift in Sources */,
			);
			runOnlyForDeploymentPostprocessing = 0;
		};
/* End PBXSourcesBuildPhase section */

/* Begin XCBuildConfiguration section */
		07D5D9A42A3DDAA100E21F49 /* Debug */ = {
			isa = XCBuildConfiguration;
			buildSettings = {
				ALWAYS_SEARCH_USER_PATHS = NO;
				CLANG_ANALYZER_NONNULL = YES;
				CLANG_ANALYZER_NUMBER_OBJECT_CONVERSION = YES_AGGRESSIVE;
				CLANG_CXX_LANGUAGE_STANDARD = "gnu++20";
				CLANG_ENABLE_MODULES = YES;
				CLANG_ENABLE_OBJC_ARC = YES;
				CLANG_ENABLE_OBJC_WEAK = YES;
				CLANG_WARN_BLOCK_CAPTURE_AUTORELEASING = YES;
				CLANG_WARN_BOOL_CONVERSION = YES;
				CLANG_WARN_COMMA = YES;
				CLANG_WARN_CONSTANT_CONVERSION = YES;
				CLANG_WARN_DEPRECATED_OBJC_IMPLEMENTATIONS = YES;
				CLANG_WARN_DIRECT_OBJC_ISA_USAGE = YES_ERROR;
				CLANG_WARN_DOCUMENTATION_COMMENTS = YES;
				CLANG_WARN_EMPTY_BODY = YES;
				CLANG_WARN_ENUM_CONVERSION = YES;
				CLANG_WARN_INFINITE_RECURSION = YES;
				CLANG_WARN_INT_CONVERSION = YES;
				CLANG_WARN_NON_LITERAL_NULL_CONVERSION = YES;
				CLANG_WARN_OBJC_IMPLICIT_RETAIN_SELF = YES;
				CLANG_WARN_OBJC_LITERAL_CONVERSION = YES;
				CLANG_WARN_OBJC_ROOT_CLASS = YES_ERROR;
				CLANG_WARN_QUOTED_INCLUDE_IN_FRAMEWORK_HEADER = YES;
				CLANG_WARN_RANGE_LOOP_ANALYSIS = YES;
				CLANG_WARN_STRICT_PROTOTYPES = YES;
				CLANG_WARN_SUSPICIOUS_MOVE = YES;
				CLANG_WARN_UNGUARDED_AVAILABILITY = YES_AGGRESSIVE;
				CLANG_WARN_UNREACHABLE_CODE = YES;
				CLANG_WARN__DUPLICATE_METHOD_MATCH = YES;
				COPY_PHASE_STRIP = NO;
				DEBUG_INFORMATION_FORMAT = dwarf;
				ENABLE_STRICT_OBJC_MSGSEND = YES;
				ENABLE_TESTABILITY = YES;
				GCC_C_LANGUAGE_STANDARD = gnu11;
				GCC_DYNAMIC_NO_PIC = NO;
				GCC_NO_COMMON_BLOCKS = YES;
				GCC_OPTIMIZATION_LEVEL = 0;
				GCC_PREPROCESSOR_DEFINITIONS = (
					"DEBUG=1",
					"$(inherited)",
				);
				GCC_WARN_64_TO_32_BIT_CONVERSION = YES;
				GCC_WARN_ABOUT_RETURN_TYPE = YES_ERROR;
				GCC_WARN_UNDECLARED_SELECTOR = YES;
				GCC_WARN_UNINITIALIZED_AUTOS = YES_AGGRESSIVE;
				GCC_WARN_UNUSED_FUNCTION = YES;
				GCC_WARN_UNUSED_VARIABLE = YES;
				IPHONEOS_DEPLOYMENT_TARGET = 16.4;
				MTL_ENABLE_DEBUG_INFO = INCLUDE_SOURCE;
				MTL_FAST_MATH = YES;
				ONLY_ACTIVE_ARCH = YES;
				SDKROOT = iphoneos;
				SWIFT_ACTIVE_COMPILATION_CONDITIONS = DEBUG;
				SWIFT_OPTIMIZATION_LEVEL = "-Onone";
			};
			name = Debug;
		};
		07D5D9A52A3DDAA100E21F49 /* Release */ = {
			isa = XCBuildConfiguration;
			buildSettings = {
				ALWAYS_SEARCH_USER_PATHS = NO;
				CLANG_ANALYZER_NONNULL = YES;
				CLANG_ANALYZER_NUMBER_OBJECT_CONVERSION = YES_AGGRESSIVE;
				CLANG_CXX_LANGUAGE_STANDARD = "gnu++20";
				CLANG_ENABLE_MODULES = YES;
				CLANG_ENABLE_OBJC_ARC = YES;
				CLANG_ENABLE_OBJC_WEAK = YES;
				CLANG_WARN_BLOCK_CAPTURE_AUTORELEASING = YES;
				CLANG_WARN_BOOL_CONVERSION = YES;
				CLANG_WARN_COMMA = YES;
				CLANG_WARN_CONSTANT_CONVERSION = YES;
				CLANG_WARN_DEPRECATED_OBJC_IMPLEMENTATIONS = YES;
				CLANG_WARN_DIRECT_OBJC_ISA_USAGE = YES_ERROR;
				CLANG_WARN_DOCUMENTATION_COMMENTS = YES;
				CLANG_WARN_EMPTY_BODY = YES;
				CLANG_WARN_ENUM_CONVERSION = YES;
				CLANG_WARN_INFINITE_RECURSION = YES;
				CLANG_WARN_INT_CONVERSION = YES;
				CLANG_WARN_NON_LITERAL_NULL_CONVERSION = YES;
				CLANG_WARN_OBJC_IMPLICIT_RETAIN_SELF = YES;
				CLANG_WARN_OBJC_LITERAL_CONVERSION = YES;
				CLANG_WARN_OBJC_ROOT_CLASS = YES_ERROR;
				CLANG_WARN_QUOTED_INCLUDE_IN_FRAMEWORK_HEADER = YES;
				CLANG_WARN_RANGE_LOOP_ANALYSIS = YES;
				CLANG_WARN_STRICT_PROTOTYPES = YES;
				CLANG_WARN_SUSPICIOUS_MOVE = YES;
				CLANG_WARN_UNGUARDED_AVAILABILITY = YES_AGGRESSIVE;
				CLANG_WARN_UNREACHABLE_CODE = YES;
				CLANG_WARN__DUPLICATE_METHOD_MATCH = YES;
				COPY_PHASE_STRIP = NO;
				DEBUG_INFORMATION_FORMAT = "dwarf-with-dsym";
				ENABLE_NS_ASSERTIONS = NO;
				ENABLE_STRICT_OBJC_MSGSEND = YES;
				GCC_C_LANGUAGE_STANDARD = gnu11;
				GCC_NO_COMMON_BLOCKS = YES;
				GCC_WARN_64_TO_32_BIT_CONVERSION = YES;
				GCC_WARN_ABOUT_RETURN_TYPE = YES_ERROR;
				GCC_WARN_UNDECLARED_SELECTOR = YES;
				GCC_WARN_UNINITIALIZED_AUTOS = YES_AGGRESSIVE;
				GCC_WARN_UNUSED_FUNCTION = YES;
				GCC_WARN_UNUSED_VARIABLE = YES;
				IPHONEOS_DEPLOYMENT_TARGET = 16.4;
				MTL_ENABLE_DEBUG_INFO = NO;
				MTL_FAST_MATH = YES;
				SDKROOT = iphoneos;
				SWIFT_COMPILATION_MODE = wholemodule;
				SWIFT_OPTIMIZATION_LEVEL = "-O";
				VALIDATE_PRODUCT = YES;
			};
			name = Release;
		};
		07D5D9A72A3DDAA100E21F49 /* Debug */ = {
			isa = XCBuildConfiguration;
			buildSettings = {
				ASSETCATALOG_COMPILER_APPICON_NAME = AppIcon;
				ASSETCATALOG_COMPILER_GLOBAL_ACCENT_COLOR_NAME = AccentColor;
				CODE_SIGN_STYLE = Automatic;
				CURRENT_PROJECT_VERSION = 1;
				DEVELOPMENT_ASSET_PATHS = "\"RecipeApp/Preview Content\"";
				DEVELOPMENT_TEAM = H7MDDDPC4H;
				ENABLE_PREVIEWS = YES;
				GENERATE_INFOPLIST_FILE = YES;
				INFOPLIST_KEY_UIApplicationSceneManifest_Generation = YES;
				INFOPLIST_KEY_UIApplicationSupportsIndirectInputEvents = YES;
				INFOPLIST_KEY_UILaunchScreen_Generation = YES;
				INFOPLIST_KEY_UISupportedInterfaceOrientations_iPad = "UIInterfaceOrientationPortrait UIInterfaceOrientationPortraitUpsideDown UIInterfaceOrientationLandscapeLeft UIInterfaceOrientationLandscapeRight";
				INFOPLIST_KEY_UISupportedInterfaceOrientations_iPhone = "UIInterfaceOrientationPortrait UIInterfaceOrientationLandscapeLeft UIInterfaceOrientationLandscapeRight";
				LD_RUNPATH_SEARCH_PATHS = (
					"$(inherited)",
					"@executable_path/Frameworks",
				);
				MARKETING_VERSION = 1.0;
				PRODUCT_BUNDLE_IDENTIFIER = com.eric.RecipeApp;
				PRODUCT_NAME = "$(TARGET_NAME)";
				SWIFT_EMIT_LOC_STRINGS = YES;
				SWIFT_VERSION = 5.0;
				TARGETED_DEVICE_FAMILY = "1,2";
			};
			name = Debug;
		};
		07D5D9A82A3DDAA100E21F49 /* Release */ = {
			isa = XCBuildConfiguration;
			buildSettings = {
				ASSETCATALOG_COMPILER_APPICON_NAME = AppIcon;
				ASSETCATALOG_COMPILER_GLOBAL_ACCENT_COLOR_NAME = AccentColor;
				CODE_SIGN_STYLE = Automatic;
				CURRENT_PROJECT_VERSION = 1;
				DEVELOPMENT_ASSET_PATHS = "\"RecipeApp/Preview Content\"";
				DEVELOPMENT_TEAM = H7MDDDPC4H;
				ENABLE_PREVIEWS = YES;
				GENERATE_INFOPLIST_FILE = YES;
				INFOPLIST_KEY_UIApplicationSceneManifest_Generation = YES;
				INFOPLIST_KEY_UIApplicationSupportsIndirectInputEvents = YES;
				INFOPLIST_KEY_UILaunchScreen_Generation = YES;
				INFOPLIST_KEY_UISupportedInterfaceOrientations_iPad = "UIInterfaceOrientationPortrait UIInterfaceOrientationPortraitUpsideDown UIInterfaceOrientationLandscapeLeft UIInterfaceOrientationLandscapeRight";
				INFOPLIST_KEY_UISupportedInterfaceOrientations_iPhone = "UIInterfaceOrientationPortrait UIInterfaceOrientationLandscapeLeft UIInterfaceOrientationLandscapeRight";
				LD_RUNPATH_SEARCH_PATHS = (
					"$(inherited)",
					"@executable_path/Frameworks",
				);
				MARKETING_VERSION = 1.0;
				PRODUCT_BUNDLE_IDENTIFIER = com.eric.RecipeApp;
				PRODUCT_NAME = "$(TARGET_NAME)";
				SWIFT_EMIT_LOC_STRINGS = YES;
				SWIFT_VERSION = 5.0;
				TARGETED_DEVICE_FAMILY = "1,2";
			};
			name = Release;
		};
/* End XCBuildConfiguration section */

/* Begin XCConfigurationList section */
		07D5D9932A3DDAA000E21F49 /* Build configuration list for PBXProject "RecipeApp" */ = {
			isa = XCConfigurationList;
			buildConfigurations = (
				07D5D9A42A3DDAA100E21F49 /* Debug */,
				07D5D9A52A3DDAA100E21F49 /* Release */,
			);
			defaultConfigurationIsVisible = 0;
			defaultConfigurationName = Release;
		};
		07D5D9A62A3DDAA100E21F49 /* Build configuration list for PBXNativeTarget "RecipeApp" */ = {
			isa = XCConfigurationList;
			buildConfigurations = (
				07D5D9A72A3DDAA100E21F49 /* Debug */,
				07D5D9A82A3DDAA100E21F49 /* Release */,
			);
			defaultConfigurationIsVisible = 0;
			defaultConfigurationName = Release;
		};
/* End XCConfigurationList section */
	};
	rootObject = 07D5D9902A3DDAA000E21F49 /* Project object */;
}
